
Microsoft Visual Studio Solution File, Format Version 12.00
# Visual Studio Version 16
VisualStudioVersion = 16.0.32106.194
MinimumVisualStudioVersion = 10.0.40219.1
Project("{FAE04EC0-301F-11D3-BF4B-00C04F79EFBC}") = "moin", "moin\moin.csproj", "{F763B170-626E-4FC9-AD56-02DA36A3C6D7}"
EndProject
Global
	GlobalSection(SolutionConfigurationPlatforms) = preSolution
		Debug|Any CPU = Debug|Any CPU
		Release|Any CPU = Release|Any CPU
	EndGlobalSection
	GlobalSection(ProjectConfigurationPlatforms) = postSolution
		{F763B170-626E-4FC9-AD56-02DA36A3C6D7}.Debug|Any CPU.ActiveCfg = Debug|Any CPU
		{F763B170-626E-4FC9-AD56-02DA36A3C6D7}.Debug|Any CPU.Build.0 = Debug|Any CPU
		{F763B170-626E-4FC9-AD56-02DA36A3C6D7}.Release|Any CPU.ActiveCfg = Release|Any CPU
		{F763B170-626E-4FC9-AD56-02DA36A3C6D7}.Release|Any CPU.Build.0 = Release|Any CPU
	EndGlobalSection
	GlobalSection(SolutionProperties) = preSolution
		HideSolutionNode = FALSE
	EndGlobalSection
	GlobalSection(ExtensibilityGlobals) = postSolution
		SolutionGuid = {334C8B3F-FE47-4CA0-8CCA-E3555A4DA7A3}
	EndGlobalSection
EndGlobal
